
Microsoft Visual Studio Solution File, Format Version 12.00
# Visual Studio Version 16
VisualStudioVersion = 16.0.31321.278
MinimumVisualStudioVersion = 10.0.40219.1
Project("{FAE04EC0-301F-11D3-BF4B-00C04F79EFBC}") = "Signup", "Signup\Signup.csproj", "{7DDD911C-EF15-466D-964C-E868C631EF5F}"
EndProject
Global
	GlobalSection(SolutionConfigurationPlatforms) = preSolution
		Debug|Any CPU = Debug|Any CPU
		Release|Any CPU = Release|Any CPU
	EndGlobalSection
	GlobalSection(ProjectConfigurationPlatforms) = postSolution
		{7DDD911C-EF15-466D-964C-E868C631EF5F}.Debug|Any CPU.ActiveCfg = Debug|Any CPU
		{7DDD911C-EF15-466D-964C-E868C631EF5F}.Debug|Any CPU.Build.0 = Debug|Any CPU
		{7DDD911C-EF15-466D-964C-E868C631EF5F}.Release|Any CPU.ActiveCfg = Release|Any CPU
		{7DDD911C-EF15-466D-964C-E868C631EF5F}.Release|Any CPU.Build.0 = Release|Any CPU
	EndGlobalSection
	GlobalSection(SolutionProperties) = preSolution
		HideSolutionNode = FALSE
	EndGlobalSection
	GlobalSection(ExtensibilityGlobals) = postSolution
		SolutionGuid = {2C6199B1-B32E-4370-AF94-2F765D368C4F}
	EndGlobalSection
EndGlobal
